
Microsoft Visual Studio Solution File, Format Version 12.00
# Visual Studio Version 16
VisualStudioVersion = 16.0.29519.181
MinimumVisualStudioVersion = 10.0.40219.1
Project("{FAE04EC0-301F-11D3-BF4B-00C04F79EFBC}") = "Basic", "Basic\Basic.csproj", "{49026C5D-72E0-45D4-AE2F-0D7524E02E7B}"
EndProject
Global
	GlobalSection(SolutionConfigurationPlatforms) = preSolution
		Debug|Any CPU = Debug|Any CPU
		Release|Any CPU = Release|Any CPU
	EndGlobalSection
	GlobalSection(ProjectConfigurationPlatforms) = postSolution
		{49026C5D-72E0-45D4-AE2F-0D7524E02E7B}.Debug|Any CPU.ActiveCfg = Debug|Any CPU
		{49026C5D-72E0-45D4-AE2F-0D7524E02E7B}.Debug|Any CPU.Build.0 = Debug|Any CPU
		{49026C5D-72E0-45D4-AE2F-0D7524E02E7B}.Release|Any CPU.ActiveCfg = Release|Any CPU
		{49026C5D-72E0-45D4-AE2F-0D7524E02E7B}.Release|Any CPU.Build.0 = Release|Any CPU
	EndGlobalSection
	GlobalSection(SolutionProperties) = preSolution
		HideSolutionNode = FALSE
	EndGlobalSection
	GlobalSection(ExtensibilityGlobals) = postSolution
		SolutionGuid = {A59A1E69-8140-4537-A4AB-37117DF8D428}
	EndGlobalSection
EndGlobal
